
Microsoft Visual Studio Solution File, Format Version 11.00
# Visual Studio 2010
Project("{FAE04EC0-301F-11D3-BF4B-00C04F79EFBC}") = "space_battle", "Assembly-CSharp.csproj", "{9CAB8107-5C8F-40B1-7018-17DC18A9B69B}"
EndProject
Project("{FAE04EC0-301F-11D3-BF4B-00C04F79EFBC}") = "space_battle", "Assembly-CSharp-Editor-firstpass.csproj", "{F9780C58-BD0E-45CB-C52E-A839BB934276}"
EndProject
Global
	GlobalSection(SolutionConfigurationPlatforms) = preSolution
		Debug|Any CPU = Debug|Any CPU
		Release|Any CPU = Release|Any CPU
	EndGlobalSection
	GlobalSection(ProjectConfigurationPlatforms) = postSolution
		{9CAB8107-5C8F-40B1-7018-17DC18A9B69B}.Debug|Any CPU.ActiveCfg = Debug|Any CPU
		{9CAB8107-5C8F-40B1-7018-17DC18A9B69B}.Debug|Any CPU.Build.0 = Debug|Any CPU
		{9CAB8107-5C8F-40B1-7018-17DC18A9B69B}.Release|Any CPU.ActiveCfg = Release|Any CPU
		{9CAB8107-5C8F-40B1-7018-17DC18A9B69B}.Release|Any CPU.Build.0 = Release|Any CPU
		{F9780C58-BD0E-45CB-C52E-A839BB934276}.Debug|Any CPU.ActiveCfg = Debug|Any CPU
		{F9780C58-BD0E-45CB-C52E-A839BB934276}.Debug|Any CPU.Build.0 = Debug|Any CPU
		{F9780C58-BD0E-45CB-C52E-A839BB934276}.Release|Any CPU.ActiveCfg = Release|Any CPU
		{F9780C58-BD0E-45CB-C52E-A839BB934276}.Release|Any CPU.Build.0 = Release|Any CPU
	EndGlobalSection
	GlobalSection(SolutionProperties) = preSolution
		HideSolutionNode = FALSE
	EndGlobalSection
	GlobalSection(MonoDevelopProperties) = preSolution
		StartupItem = Assembly-CSharp.csproj
	EndGlobalSection
EndGlobal
